
Microsoft Visual Studio Solution File, Format Version 12.00
# Visual Studio Version 17
VisualStudioVersion = 17.7.34009.444
MinimumVisualStudioVersion = 10.0.40219.1
Project("{9A19103F-16F7-4668-BE54-9A1E7A4F7556}") = "BackQueDiosa", "BackQueDiosa\BackQueDiosa.csproj", "{20E240AE-DBA9-4812-BD81-16C91CA75069}"
EndProject
Project("{9A19103F-16F7-4668-BE54-9A1E7A4F7556}") = "Dominio", "Dominio\Dominio.csproj", "{192DECFB-4023-4862-AFF0-2CF7F27DD810}"
EndProject
Project("{9A19103F-16F7-4668-BE54-9A1E7A4F7556}") = "DTOS", "DTOS\DTOS.csproj", "{52A57470-7F65-4690-AFF6-D3773D81C9AB}"
EndProject
Project("{FAE04EC0-301F-11D3-BF4B-00C04F79EFBC}") = "IRepositorios", "IRepositorios\IRepositorios.csproj", "{0E0CBF6B-9C66-4F15-9528-18EF0E0BF245}"
EndProject
Global
	GlobalSection(SolutionConfigurationPlatforms) = preSolution
		Debug|Any CPU = Debug|Any CPU
		Release|Any CPU = Release|Any CPU
	EndGlobalSection
	GlobalSection(ProjectConfigurationPlatforms) = postSolution
		{20E240AE-DBA9-4812-BD81-16C91CA75069}.Debug|Any CPU.ActiveCfg = Debug|Any CPU
		{20E240AE-DBA9-4812-BD81-16C91CA75069}.Debug|Any CPU.Build.0 = Debug|Any CPU
		{20E240AE-DBA9-4812-BD81-16C91CA75069}.Release|Any CPU.ActiveCfg = Release|Any CPU
		{20E240AE-DBA9-4812-BD81-16C91CA75069}.Release|Any CPU.Build.0 = Release|Any CPU
		{192DECFB-4023-4862-AFF0-2CF7F27DD810}.Debug|Any CPU.ActiveCfg = Debug|Any CPU
		{192DECFB-4023-4862-AFF0-2CF7F27DD810}.Debug|Any CPU.Build.0 = Debug|Any CPU
		{192DECFB-4023-4862-AFF0-2CF7F27DD810}.Release|Any CPU.ActiveCfg = Release|Any CPU
		{192DECFB-4023-4862-AFF0-2CF7F27DD810}.Release|Any CPU.Build.0 = Release|Any CPU
		{52A57470-7F65-4690-AFF6-D3773D81C9AB}.Debug|Any CPU.ActiveCfg = Debug|Any CPU
		{52A57470-7F65-4690-AFF6-D3773D81C9AB}.Debug|Any CPU.Build.0 = Debug|Any CPU
		{52A57470-7F65-4690-AFF6-D3773D81C9AB}.Release|Any CPU.ActiveCfg = Release|Any CPU
		{52A57470-7F65-4690-AFF6-D3773D81C9AB}.Release|Any CPU.Build.0 = Release|Any CPU
		{0E0CBF6B-9C66-4F15-9528-18EF0E0BF245}.Debug|Any CPU.ActiveCfg = Debug|Any CPU
		{0E0CBF6B-9C66-4F15-9528-18EF0E0BF245}.Debug|Any CPU.Build.0 = Debug|Any CPU
		{0E0CBF6B-9C66-4F15-9528-18EF0E0BF245}.Release|Any CPU.ActiveCfg = Release|Any CPU
		{0E0CBF6B-9C66-4F15-9528-18EF0E0BF245}.Release|Any CPU.Build.0 = Release|Any CPU
	EndGlobalSection
	GlobalSection(SolutionProperties) = preSolution
		HideSolutionNode = FALSE
	EndGlobalSection
	GlobalSection(ExtensibilityGlobals) = postSolution
		SolutionGuid = {524A7005-A940-43CC-9979-3F78584CBCB2}
	EndGlobalSection
EndGlobal
